
Microsoft Visual Studio Solution File, Format Version 12.00
# Visual Studio Version 16
VisualStudioVersion = 16.0.29728.190
MinimumVisualStudioVersion = 10.0.40219.1
Project("{9A19103F-16F7-4668-BE54-9A1E7A4F7556}") = "MTGOArchetypeParser", "MTGOArchetypeParser\MTGOArchetypeParser.csproj", "{897D7752-728D-4EB3-88CE-AA49AAD0E1F9}"
EndProject
Project("{9A19103F-16F7-4668-BE54-9A1E7A4F7556}") = "MTGOArchetypeParser.Tests", "MTGOArchetypeParser.Tests\MTGOArchetypeParser.Tests.csproj", "{0DFD96A2-8CC3-4343-9364-4B0271CE4348}"
EndProject
Project("{9A19103F-16F7-4668-BE54-9A1E7A4F7556}") = "MTGOArchetypeParser.Tests.Updater.App", "MTGOArchetypeParser.Tests.Updater.App\MTGOArchetypeParser.Tests.Updater.App.csproj", "{17E8D761-A8F9-4016-A685-40CF0D1ECC8B}"
EndProject
Project("{9A19103F-16F7-4668-BE54-9A1E7A4F7556}") = "MTGOArchetypeParser.Reports.App", "MTGOArchetypeParser.Reports.App\MTGOArchetypeParser.Reports.App.csproj", "{6FFCFF68-8ED1-4C98-8105-BDB5CA1FBC2D}"
EndProject
Project("{9A19103F-16F7-4668-BE54-9A1E7A4F7556}") = "MTGOArchetypeParser.Data", "MTGOArchetypeParser.Data\MTGOArchetypeParser.Data.csproj", "{7A5A9989-F3BD-4269-8A52-E473C1B3FC26}"
EndProject
Project("{9A19103F-16F7-4668-BE54-9A1E7A4F7556}") = "MTGOArchetypeParser.Formats.FromJson", "MTGOArchetypeParser.Formats.FromJson\MTGOArchetypeParser.Formats.FromJson.csproj", "{3725D26E-81DB-440D-82D2-C168915B4183}"
EndProject
Project("{FAE04EC0-301F-11D3-BF4B-00C04F79EFBC}") = "MTGOArchetypeParser.App", "MTGOArchetypeParser.App\MTGOArchetypeParser.App.csproj", "{D7D55B97-D6A8-4787-9B94-92D9CAC1E137}"
EndProject
Global
	GlobalSection(SolutionConfigurationPlatforms) = preSolution
		Debug|Any CPU = Debug|Any CPU
		Release|Any CPU = Release|Any CPU
	EndGlobalSection
	GlobalSection(ProjectConfigurationPlatforms) = postSolution
		{897D7752-728D-4EB3-88CE-AA49AAD0E1F9}.Debug|Any CPU.ActiveCfg = Debug|Any CPU
		{897D7752-728D-4EB3-88CE-AA49AAD0E1F9}.Debug|Any CPU.Build.0 = Debug|Any CPU
		{897D7752-728D-4EB3-88CE-AA49AAD0E1F9}.Release|Any CPU.ActiveCfg = Release|Any CPU
		{897D7752-728D-4EB3-88CE-AA49AAD0E1F9}.Release|Any CPU.Build.0 = Release|Any CPU
		{0DFD96A2-8CC3-4343-9364-4B0271CE4348}.Debug|Any CPU.ActiveCfg = Debug|Any CPU
		{0DFD96A2-8CC3-4343-9364-4B0271CE4348}.Debug|Any CPU.Build.0 = Debug|Any CPU
		{0DFD96A2-8CC3-4343-9364-4B0271CE4348}.Release|Any CPU.ActiveCfg = Release|Any CPU
		{0DFD96A2-8CC3-4343-9364-4B0271CE4348}.Release|Any CPU.Build.0 = Release|Any CPU
		{17E8D761-A8F9-4016-A685-40CF0D1ECC8B}.Debug|Any CPU.ActiveCfg = Debug|Any CPU
		{17E8D761-A8F9-4016-A685-40CF0D1ECC8B}.Debug|Any CPU.Build.0 = Debug|Any CPU
		{17E8D761-A8F9-4016-A685-40CF0D1ECC8B}.Release|Any CPU.ActiveCfg = Release|Any CPU
		{17E8D761-A8F9-4016-A685-40CF0D1ECC8B}.Release|Any CPU.Build.0 = Release|Any CPU
		{6FFCFF68-8ED1-4C98-8105-BDB5CA1FBC2D}.Debug|Any CPU.ActiveCfg = Debug|Any CPU
		{6FFCFF68-8ED1-4C98-8105-BDB5CA1FBC2D}.Debug|Any CPU.Build.0 = Debug|Any CPU
		{6FFCFF68-8ED1-4C98-8105-BDB5CA1FBC2D}.Release|Any CPU.ActiveCfg = Release|Any CPU
		{6FFCFF68-8ED1-4C98-8105-BDB5CA1FBC2D}.Release|Any CPU.Build.0 = Release|Any CPU
		{7A5A9989-F3BD-4269-8A52-E473C1B3FC26}.Debug|Any CPU.ActiveCfg = Debug|Any CPU
		{7A5A9989-F3BD-4269-8A52-E473C1B3FC26}.Debug|Any CPU.Build.0 = Debug|Any CPU
		{7A5A9989-F3BD-4269-8A52-E473C1B3FC26}.Release|Any CPU.ActiveCfg = Release|Any CPU
		{7A5A9989-F3BD-4269-8A52-E473C1B3FC26}.Release|Any CPU.Build.0 = Release|Any CPU
		{3725D26E-81DB-440D-82D2-C168915B4183}.Debug|Any CPU.ActiveCfg = Debug|Any CPU
		{3725D26E-81DB-440D-82D2-C168915B4183}.Debug|Any CPU.Build.0 = Debug|Any CPU
		{3725D26E-81DB-440D-82D2-C168915B4183}.Release|Any CPU.ActiveCfg = Release|Any CPU
		{3725D26E-81DB-440D-82D2-C168915B4183}.Release|Any CPU.Build.0 = Release|Any CPU
		{D7D55B97-D6A8-4787-9B94-92D9CAC1E137}.Debug|Any CPU.ActiveCfg = Debug|Any CPU
		{D7D55B97-D6A8-4787-9B94-92D9CAC1E137}.Debug|Any CPU.Build.0 = Debug|Any CPU
		{D7D55B97-D6A8-4787-9B94-92D9CAC1E137}.Release|Any CPU.ActiveCfg = Release|Any CPU
		{D7D55B97-D6A8-4787-9B94-92D9CAC1E137}.Release|Any CPU.Build.0 = Release|Any CPU
	EndGlobalSection
	GlobalSection(SolutionProperties) = preSolution
		HideSolutionNode = FALSE
	EndGlobalSection
	GlobalSection(ExtensibilityGlobals) = postSolution
		SolutionGuid = {364A2333-AF7C-40B1-AC66-096EFE3C60B2}
	EndGlobalSection
EndGlobal
