
Microsoft Visual Studio Solution File, Format Version 12.00
# Visual Studio Version 16
VisualStudioVersion = 16.0.29728.190
MinimumVisualStudioVersion = 10.0.40219.1
Project("{9A19103F-16F7-4668-BE54-9A1E7A4F7556}") = "MTGOArchetypeParser", "MTGOArchetypeParser\MTGOArchetypeParser.csproj", "{897D7752-728D-4EB3-88CE-AA49AAD0E1F9}"
EndProject
Project("{9A19103F-16F7-4668-BE54-9A1E7A4F7556}") = "MTGOArchetypeParser.Tests", "MTGOArchetypeParser.Tests\MTGOArchetypeParser.Tests.csproj", "{0DFD96A2-8CC3-4343-9364-4B0271CE4348}"
EndProject
Project("{9A19103F-16F7-4668-BE54-9A1E7A4F7556}") = "MTGOArchetypeParser.Archetypes.Modern", "MTGOArchetypeParser.Archetypes.Modern\MTGOArchetypeParser.Archetypes.Modern.csproj", "{68E0622C-377F-4948-B45D-34FFBACE99ED}"
EndProject
Project("{9A19103F-16F7-4668-BE54-9A1E7A4F7556}") = "MTGOArchetypeParser.Tests.Updater.App", "MTGOArchetypeParser.Tests.Updater.App\MTGOArchetypeParser.Tests.Updater.App.csproj", "{17E8D761-A8F9-4016-A685-40CF0D1ECC8B}"
EndProject
Project("{9A19103F-16F7-4668-BE54-9A1E7A4F7556}") = "MTGOArchetypeParser.Reports.App", "MTGOArchetypeParser.Reports.App\MTGOArchetypeParser.Reports.App.csproj", "{6FFCFF68-8ED1-4C98-8105-BDB5CA1FBC2D}"
EndProject
Project("{9A19103F-16F7-4668-BE54-9A1E7A4F7556}") = "MTGOArchetypeParser.Metas.Modern", "MTGOArchetypeParser.Metas.Modern\MTGOArchetypeParser.Metas.Modern.csproj", "{5ACE01F6-8704-45A7-8355-66A3D888D193}"
EndProject
Project("{9A19103F-16F7-4668-BE54-9A1E7A4F7556}") = "MTGOArchetypeParser.Data", "MTGOArchetypeParser.Data\MTGOArchetypeParser.Data.csproj", "{7A5A9989-F3BD-4269-8A52-E473C1B3FC26}"
EndProject
Global
	GlobalSection(SolutionConfigurationPlatforms) = preSolution
		Debug|Any CPU = Debug|Any CPU
		Release|Any CPU = Release|Any CPU
	EndGlobalSection
	GlobalSection(ProjectConfigurationPlatforms) = postSolution
		{897D7752-728D-4EB3-88CE-AA49AAD0E1F9}.Debug|Any CPU.ActiveCfg = Debug|Any CPU
		{897D7752-728D-4EB3-88CE-AA49AAD0E1F9}.Debug|Any CPU.Build.0 = Debug|Any CPU
		{897D7752-728D-4EB3-88CE-AA49AAD0E1F9}.Release|Any CPU.ActiveCfg = Release|Any CPU
		{897D7752-728D-4EB3-88CE-AA49AAD0E1F9}.Release|Any CPU.Build.0 = Release|Any CPU
		{0DFD96A2-8CC3-4343-9364-4B0271CE4348}.Debug|Any CPU.ActiveCfg = Debug|Any CPU
		{0DFD96A2-8CC3-4343-9364-4B0271CE4348}.Debug|Any CPU.Build.0 = Debug|Any CPU
		{0DFD96A2-8CC3-4343-9364-4B0271CE4348}.Release|Any CPU.ActiveCfg = Release|Any CPU
		{0DFD96A2-8CC3-4343-9364-4B0271CE4348}.Release|Any CPU.Build.0 = Release|Any CPU
		{68E0622C-377F-4948-B45D-34FFBACE99ED}.Debug|Any CPU.ActiveCfg = Debug|Any CPU
		{68E0622C-377F-4948-B45D-34FFBACE99ED}.Debug|Any CPU.Build.0 = Debug|Any CPU
		{68E0622C-377F-4948-B45D-34FFBACE99ED}.Release|Any CPU.ActiveCfg = Release|Any CPU
		{68E0622C-377F-4948-B45D-34FFBACE99ED}.Release|Any CPU.Build.0 = Release|Any CPU
		{17E8D761-A8F9-4016-A685-40CF0D1ECC8B}.Debug|Any CPU.ActiveCfg = Debug|Any CPU
		{17E8D761-A8F9-4016-A685-40CF0D1ECC8B}.Debug|Any CPU.Build.0 = Debug|Any CPU
		{17E8D761-A8F9-4016-A685-40CF0D1ECC8B}.Release|Any CPU.ActiveCfg = Release|Any CPU
		{17E8D761-A8F9-4016-A685-40CF0D1ECC8B}.Release|Any CPU.Build.0 = Release|Any CPU
		{6FFCFF68-8ED1-4C98-8105-BDB5CA1FBC2D}.Debug|Any CPU.ActiveCfg = Debug|Any CPU
		{6FFCFF68-8ED1-4C98-8105-BDB5CA1FBC2D}.Debug|Any CPU.Build.0 = Debug|Any CPU
		{6FFCFF68-8ED1-4C98-8105-BDB5CA1FBC2D}.Release|Any CPU.ActiveCfg = Release|Any CPU
		{6FFCFF68-8ED1-4C98-8105-BDB5CA1FBC2D}.Release|Any CPU.Build.0 = Release|Any CPU
		{5ACE01F6-8704-45A7-8355-66A3D888D193}.Debug|Any CPU.ActiveCfg = Debug|Any CPU
		{5ACE01F6-8704-45A7-8355-66A3D888D193}.Debug|Any CPU.Build.0 = Debug|Any CPU
		{5ACE01F6-8704-45A7-8355-66A3D888D193}.Release|Any CPU.ActiveCfg = Release|Any CPU
		{5ACE01F6-8704-45A7-8355-66A3D888D193}.Release|Any CPU.Build.0 = Release|Any CPU
		{7A5A9989-F3BD-4269-8A52-E473C1B3FC26}.Debug|Any CPU.ActiveCfg = Debug|Any CPU
		{7A5A9989-F3BD-4269-8A52-E473C1B3FC26}.Debug|Any CPU.Build.0 = Debug|Any CPU
		{7A5A9989-F3BD-4269-8A52-E473C1B3FC26}.Release|Any CPU.ActiveCfg = Release|Any CPU
		{7A5A9989-F3BD-4269-8A52-E473C1B3FC26}.Release|Any CPU.Build.0 = Release|Any CPU
	EndGlobalSection
	GlobalSection(SolutionProperties) = preSolution
		HideSolutionNode = FALSE
	EndGlobalSection
	GlobalSection(ExtensibilityGlobals) = postSolution
		SolutionGuid = {364A2333-AF7C-40B1-AC66-096EFE3C60B2}
	EndGlobalSection
EndGlobal
